<Solution>
  <Project Path="Systems.SceneSandbox.csproj" />
  <Project Path="Systems.Core.csproj" />
  <Project Path="Systems.MiniTimeline.csproj" />
  <Project Path="Sirenix.OdinInspector.Modules.UnityLocalization.Editor.csproj" />
  <Project Path="Systems.PlacementSystem.csproj" />
  <Project Path="Tests.csproj" />
  <Project Path="Assembly-CSharp.csproj" />
  <Project Path="Systems.UI.csproj" />
  <Project Path="Systems.CommandSystem.csproj" />
  <Project Path="Unity.AppUI.Samples.MVVMRedux.csproj" />
  <Project Path="Assembly-CSharp-Editor.csproj" />
  <Project Path="Systems.Inventory.csproj" />
  <Project Path="Systems.PlacementSystem.Editor.csproj" />
  <Project Path="Systems.Persistence.csproj" />
  <Project Path="Sirenix.OdinInspector.Modules.Unity.Addressables.csproj" />
  <Project Path="Unity.AppUI.Samples.Redux.csproj" />
  <Project Path="Unity.AppUI.Samples.Navigation.csproj" />
  <Project Path="Systems.ObjectPool.Editor.csproj" />
  <Project Path="Sirenix.OdinInspector.Modules.UnityMathematics.csproj" />
  <Project Path="Sirenix.OdinInspector.Modules.UnityLocalization.csproj" />
  <Project Path="Unity.AppUI.Samples.MVVM.csproj" />
  <Project Path="Systems.ObjectPool.csproj" />
  <Project Path="Systems.SceneSandbox.Editor.csproj" />
  <Project Path="Systems.MiniTimeline.Editor.csproj" />
  <Project Path="SimpleJSON.csproj" />
  <Project Path="Unity.AppUI.Samples.UndoRedo.csproj" />
</Solution>
